<Solution>
  <Folder Name="/src/">
    <Project Path="src/Novolis.Time/Novolis.Time.csproj" />
    <Project Path="src/Novolis.Time.Week/Novolis.Time.Week.csproj" />
    <Project Path="src/Novolis.Time.Workday/Novolis.Time.Workday.csproj" />
    <Project Path="src/Novolis.Time.Worktime/Novolis.Time.Worktime.csproj" />
    <Project Path="src/Novolis.Time.Worktime.Legal/Novolis.Time.Worktime.Legal.csproj" />
  </Folder>
  <Folder Name="/tests/">
    <Project Path="tests/Novolis.Time.Unit/Novolis.Time.Unit.csproj" />
  </Folder>
  <Folder Name="/tools/">
    <Project Path="tools/GeneratePublicHolidays/GeneratePublicHolidays.csproj" />
  </Folder>
</Solution>
